
Microsoft Visual Studio Solution File, Format Version 12.00
# Visual Studio Version 16
VisualStudioVersion = 16.0.30611.23
MinimumVisualStudioVersion = 10.0.40219.1
Project("{9A19103F-16F7-4668-BE54-9A1E7A4F7556}") = "Win32", "Win32\Win32.csproj", "{DE179A39-B4FD-4441-8E0B-5B9EAA0D4D43}"
EndProject
Project("{9A19103F-16F7-4668-BE54-9A1E7A4F7556}") = "WinD.Plug.Browser", "Musli.Plug-ins.Baidu\WinD.Plug.Browser.csproj", "{F53C2462-042D-4D80-B600-8EA052A395D9}"
EndProject
Project("{9A19103F-16F7-4668-BE54-9A1E7A4F7556}") = "WinD.Plug.Calculator", "Musli.Plug-ins.Calculator\WinD.Plug.Calculator.csproj", "{8306AF66-6FD2-4D8D-9305-31284CAB7871}"
EndProject
Project("{9A19103F-16F7-4668-BE54-9A1E7A4F7556}") = "WinDPlugMng", "WinDPlugMng\WinDPlugMng.csproj", "{386F2157-EDCC-4946-A834-2E5E22B6CF80}"
EndProject
Project("{9A19103F-16F7-4668-BE54-9A1E7A4F7556}") = "WinD", "WinD\WinD.csproj", "{33994D24-AD2A-4BBF-954F-2328612AE164}"
EndProject
Project("{930C7802-8A8C-48F9-8165-68863BCCD9DD}") = "WinD.Package.MSI", "WinD.Package.MSI\WinD.Package.MSI.wixproj", "{D1424B71-D6A6-47F7-A656-A53B93749825}"
EndProject
Project("{9A19103F-16F7-4668-BE54-9A1E7A4F7556}") = "WinD.Extended", "WinD.Extended\WinD.Extended.csproj", "{BE9E7BE2-F3F9-4435-B998-3A79DA02498E}"
EndProject
Project("{9A19103F-16F7-4668-BE54-9A1E7A4F7556}") = "WinD.Common", "WinD.Common\WinD.Common.csproj", "{B0351993-F64B-49A8-8D5A-A0C8FAE49D46}"
EndProject
Project("{9A19103F-16F7-4668-BE54-9A1E7A4F7556}") = "WinD.Plug.Test", "WinD.Plug.Test\WinD.Plug.Test.csproj", "{34681355-B736-43E9-BD9F-1311EBF526C8}"
EndProject
Project("{9A19103F-16F7-4668-BE54-9A1E7A4F7556}") = "WinD.Plug.Edge", "WinD.Plug.Edge\WinD.Plug.Edge.csproj", "{585E43E7-5D04-4C44-99D3-7EACFC8CD04C}"
EndProject
Project("{9A19103F-16F7-4668-BE54-9A1E7A4F7556}") = "WinD.Plug.SystemMonitoring", "WinD.Plug.SystemMonitoring\WinD.Plug.SystemMonitoring.csproj", "{DCDD82AF-F705-4B6B-9278-98482B8EEA98}"
EndProject
Project("{9A19103F-16F7-4668-BE54-9A1E7A4F7556}") = "WinD.Plug.FileBrowser", "WinD.Plug.FileBrowser\WinD.Plug.FileBrowser.csproj", "{0E249A4E-BC64-4511-A1B5-722106F8EEE7}"
EndProject
Global
	GlobalSection(SolutionConfigurationPlatforms) = preSolution
		Debug|Any CPU = Debug|Any CPU
		Debug|ARM = Debug|ARM
		Debug|ARM64 = Debug|ARM64
		Debug|x64 = Debug|x64
		Debug|x86 = Debug|x86
		Release|Any CPU = Release|Any CPU
		Release|ARM = Release|ARM
		Release|ARM64 = Release|ARM64
		Release|x64 = Release|x64
		Release|x86 = Release|x86
	EndGlobalSection
	GlobalSection(ProjectConfigurationPlatforms) = postSolution
		{DE179A39-B4FD-4441-8E0B-5B9EAA0D4D43}.Debug|Any CPU.ActiveCfg = Debug|Any CPU
		{DE179A39-B4FD-4441-8E0B-5B9EAA0D4D43}.Debug|Any CPU.Build.0 = Debug|Any CPU
		{DE179A39-B4FD-4441-8E0B-5B9EAA0D4D43}.Debug|ARM.ActiveCfg = Debug|Any CPU
		{DE179A39-B4FD-4441-8E0B-5B9EAA0D4D43}.Debug|ARM.Build.0 = Debug|Any CPU
		{DE179A39-B4FD-4441-8E0B-5B9EAA0D4D43}.Debug|ARM64.ActiveCfg = Debug|Any CPU
		{DE179A39-B4FD-4441-8E0B-5B9EAA0D4D43}.Debug|ARM64.Build.0 = Debug|Any CPU
		{DE179A39-B4FD-4441-8E0B-5B9EAA0D4D43}.Debug|x64.ActiveCfg = Debug|Any CPU
		{DE179A39-B4FD-4441-8E0B-5B9EAA0D4D43}.Debug|x64.Build.0 = Debug|Any CPU
		{DE179A39-B4FD-4441-8E0B-5B9EAA0D4D43}.Debug|x86.ActiveCfg = Debug|Any CPU
		{DE179A39-B4FD-4441-8E0B-5B9EAA0D4D43}.Debug|x86.Build.0 = Debug|Any CPU
		{DE179A39-B4FD-4441-8E0B-5B9EAA0D4D43}.Release|Any CPU.ActiveCfg = Release|Any CPU
		{DE179A39-B4FD-4441-8E0B-5B9EAA0D4D43}.Release|Any CPU.Build.0 = Release|Any CPU
		{DE179A39-B4FD-4441-8E0B-5B9EAA0D4D43}.Release|ARM.ActiveCfg = Release|Any CPU
		{DE179A39-B4FD-4441-8E0B-5B9EAA0D4D43}.Release|ARM.Build.0 = Release|Any CPU
		{DE179A39-B4FD-4441-8E0B-5B9EAA0D4D43}.Release|ARM64.ActiveCfg = Release|Any CPU
		{DE179A39-B4FD-4441-8E0B-5B9EAA0D4D43}.Release|ARM64.Build.0 = Release|Any CPU
		{DE179A39-B4FD-4441-8E0B-5B9EAA0D4D43}.Release|x64.ActiveCfg = Release|Any CPU
		{DE179A39-B4FD-4441-8E0B-5B9EAA0D4D43}.Release|x64.Build.0 = Release|Any CPU
		{DE179A39-B4FD-4441-8E0B-5B9EAA0D4D43}.Release|x86.ActiveCfg = Release|Any CPU
		{DE179A39-B4FD-4441-8E0B-5B9EAA0D4D43}.Release|x86.Build.0 = Release|Any CPU
		{F53C2462-042D-4D80-B600-8EA052A395D9}.Debug|Any CPU.ActiveCfg = Debug|x64
		{F53C2462-042D-4D80-B600-8EA052A395D9}.Debug|Any CPU.Build.0 = Debug|x64
		{F53C2462-042D-4D80-B600-8EA052A395D9}.Debug|ARM.ActiveCfg = Debug|Any CPU
		{F53C2462-042D-4D80-B600-8EA052A395D9}.Debug|ARM.Build.0 = Debug|Any CPU
		{F53C2462-042D-4D80-B600-8EA052A395D9}.Debug|ARM64.ActiveCfg = Debug|Any CPU
		{F53C2462-042D-4D80-B600-8EA052A395D9}.Debug|ARM64.Build.0 = Debug|Any CPU
		{F53C2462-042D-4D80-B600-8EA052A395D9}.Debug|x64.ActiveCfg = Debug|x64
		{F53C2462-042D-4D80-B600-8EA052A395D9}.Debug|x64.Build.0 = Debug|x64
		{F53C2462-042D-4D80-B600-8EA052A395D9}.Debug|x86.ActiveCfg = Debug|Any CPU
		{F53C2462-042D-4D80-B600-8EA052A395D9}.Debug|x86.Build.0 = Debug|Any CPU
		{F53C2462-042D-4D80-B600-8EA052A395D9}.Release|Any CPU.ActiveCfg = Release|x64
		{F53C2462-042D-4D80-B600-8EA052A395D9}.Release|Any CPU.Build.0 = Release|x64
		{F53C2462-042D-4D80-B600-8EA052A395D9}.Release|ARM.ActiveCfg = Release|Any CPU
		{F53C2462-042D-4D80-B600-8EA052A395D9}.Release|ARM.Build.0 = Release|Any CPU
		{F53C2462-042D-4D80-B600-8EA052A395D9}.Release|ARM64.ActiveCfg = Release|Any CPU
		{F53C2462-042D-4D80-B600-8EA052A395D9}.Release|ARM64.Build.0 = Release|Any CPU
		{F53C2462-042D-4D80-B600-8EA052A395D9}.Release|x64.ActiveCfg = Release|x64
		{F53C2462-042D-4D80-B600-8EA052A395D9}.Release|x64.Build.0 = Release|x64
		{F53C2462-042D-4D80-B600-8EA052A395D9}.Release|x86.ActiveCfg = Release|Any CPU
		{F53C2462-042D-4D80-B600-8EA052A395D9}.Release|x86.Build.0 = Release|Any CPU
		{8306AF66-6FD2-4D8D-9305-31284CAB7871}.Debug|Any CPU.ActiveCfg = Debug|Any CPU
		{8306AF66-6FD2-4D8D-9305-31284CAB7871}.Debug|Any CPU.Build.0 = Debug|Any CPU
		{8306AF66-6FD2-4D8D-9305-31284CAB7871}.Debug|ARM.ActiveCfg = Debug|Any CPU
		{8306AF66-6FD2-4D8D-9305-31284CAB7871}.Debug|ARM.Build.0 = Debug|Any CPU
		{8306AF66-6FD2-4D8D-9305-31284CAB7871}.Debug|ARM64.ActiveCfg = Debug|Any CPU
		{8306AF66-6FD2-4D8D-9305-31284CAB7871}.Debug|ARM64.Build.0 = Debug|Any CPU
		{8306AF66-6FD2-4D8D-9305-31284CAB7871}.Debug|x64.ActiveCfg = Debug|Any CPU
		{8306AF66-6FD2-4D8D-9305-31284CAB7871}.Debug|x64.Build.0 = Debug|Any CPU
		{8306AF66-6FD2-4D8D-9305-31284CAB7871}.Debug|x86.ActiveCfg = Debug|Any CPU
		{8306AF66-6FD2-4D8D-9305-31284CAB7871}.Debug|x86.Build.0 = Debug|Any CPU
		{8306AF66-6FD2-4D8D-9305-31284CAB7871}.Release|Any CPU.ActiveCfg = Release|Any CPU
		{8306AF66-6FD2-4D8D-9305-31284CAB7871}.Release|Any CPU.Build.0 = Release|Any CPU
		{8306AF66-6FD2-4D8D-9305-31284CAB7871}.Release|ARM.ActiveCfg = Release|Any CPU
		{8306AF66-6FD2-4D8D-9305-31284CAB7871}.Release|ARM.Build.0 = Release|Any CPU
		{8306AF66-6FD2-4D8D-9305-31284CAB7871}.Release|ARM64.ActiveCfg = Release|Any CPU
		{8306AF66-6FD2-4D8D-9305-31284CAB7871}.Release|ARM64.Build.0 = Release|Any CPU
		{8306AF66-6FD2-4D8D-9305-31284CAB7871}.Release|x64.ActiveCfg = Release|Any CPU
		{8306AF66-6FD2-4D8D-9305-31284CAB7871}.Release|x64.Build.0 = Release|Any CPU
		{8306AF66-6FD2-4D8D-9305-31284CAB7871}.Release|x86.ActiveCfg = Release|Any CPU
		{8306AF66-6FD2-4D8D-9305-31284CAB7871}.Release|x86.Build.0 = Release|Any CPU
		{386F2157-EDCC-4946-A834-2E5E22B6CF80}.Debug|Any CPU.ActiveCfg = Debug|Any CPU
		{386F2157-EDCC-4946-A834-2E5E22B6CF80}.Debug|Any CPU.Build.0 = Debug|Any CPU
		{386F2157-EDCC-4946-A834-2E5E22B6CF80}.Debug|ARM.ActiveCfg = Debug|Any CPU
		{386F2157-EDCC-4946-A834-2E5E22B6CF80}.Debug|ARM.Build.0 = Debug|Any CPU
		{386F2157-EDCC-4946-A834-2E5E22B6CF80}.Debug|ARM64.ActiveCfg = Debug|Any CPU
		{386F2157-EDCC-4946-A834-2E5E22B6CF80}.Debug|ARM64.Build.0 = Debug|Any CPU
		{386F2157-EDCC-4946-A834-2E5E22B6CF80}.Debug|x64.ActiveCfg = Debug|Any CPU
		{386F2157-EDCC-4946-A834-2E5E22B6CF80}.Debug|x64.Build.0 = Debug|Any CPU
		{386F2157-EDCC-4946-A834-2E5E22B6CF80}.Debug|x86.ActiveCfg = Debug|Any CPU
		{386F2157-EDCC-4946-A834-2E5E22B6CF80}.Debug|x86.Build.0 = Debug|Any CPU
		{386F2157-EDCC-4946-A834-2E5E22B6CF80}.Release|Any CPU.ActiveCfg = Release|Any CPU
		{386F2157-EDCC-4946-A834-2E5E22B6CF80}.Release|Any CPU.Build.0 = Release|Any CPU
		{386F2157-EDCC-4946-A834-2E5E22B6CF80}.Release|ARM.ActiveCfg = Release|Any CPU
		{386F2157-EDCC-4946-A834-2E5E22B6CF80}.Release|ARM.Build.0 = Release|Any CPU
		{386F2157-EDCC-4946-A834-2E5E22B6CF80}.Release|ARM64.ActiveCfg = Release|Any CPU
		{386F2157-EDCC-4946-A834-2E5E22B6CF80}.Release|ARM64.Build.0 = Release|Any CPU
		{386F2157-EDCC-4946-A834-2E5E22B6CF80}.Release|x64.ActiveCfg = Release|Any CPU
		{386F2157-EDCC-4946-A834-2E5E22B6CF80}.Release|x64.Build.0 = Release|Any CPU
		{386F2157-EDCC-4946-A834-2E5E22B6CF80}.Release|x86.ActiveCfg = Release|Any CPU
		{386F2157-EDCC-4946-A834-2E5E22B6CF80}.Release|x86.Build.0 = Release|Any CPU
		{33994D24-AD2A-4BBF-954F-2328612AE164}.Debug|Any CPU.ActiveCfg = Debug|Any CPU
		{33994D24-AD2A-4BBF-954F-2328612AE164}.Debug|Any CPU.Build.0 = Debug|Any CPU
		{33994D24-AD2A-4BBF-954F-2328612AE164}.Debug|ARM.ActiveCfg = Debug|Any CPU
		{33994D24-AD2A-4BBF-954F-2328612AE164}.Debug|ARM.Build.0 = Debug|Any CPU
		{33994D24-AD2A-4BBF-954F-2328612AE164}.Debug|ARM64.ActiveCfg = Debug|Any CPU
		{33994D24-AD2A-4BBF-954F-2328612AE164}.Debug|ARM64.Build.0 = Debug|Any CPU
		{33994D24-AD2A-4BBF-954F-2328612AE164}.Debug|x64.ActiveCfg = Debug|x64
		{33994D24-AD2A-4BBF-954F-2328612AE164}.Debug|x64.Build.0 = Debug|x64
		{33994D24-AD2A-4BBF-954F-2328612AE164}.Debug|x86.ActiveCfg = Debug|Any CPU
		{33994D24-AD2A-4BBF-954F-2328612AE164}.Debug|x86.Build.0 = Debug|Any CPU
		{33994D24-AD2A-4BBF-954F-2328612AE164}.Release|Any CPU.ActiveCfg = Release|Any CPU
		{33994D24-AD2A-4BBF-954F-2328612AE164}.Release|Any CPU.Build.0 = Release|Any CPU
		{33994D24-AD2A-4BBF-954F-2328612AE164}.Release|ARM.ActiveCfg = Release|Any CPU
		{33994D24-AD2A-4BBF-954F-2328612AE164}.Release|ARM.Build.0 = Release|Any CPU
		{33994D24-AD2A-4BBF-954F-2328612AE164}.Release|ARM64.ActiveCfg = Release|Any CPU
		{33994D24-AD2A-4BBF-954F-2328612AE164}.Release|ARM64.Build.0 = Release|Any CPU
		{33994D24-AD2A-4BBF-954F-2328612AE164}.Release|x64.ActiveCfg = Release|x64
		{33994D24-AD2A-4BBF-954F-2328612AE164}.Release|x64.Build.0 = Release|x64
		{33994D24-AD2A-4BBF-954F-2328612AE164}.Release|x86.ActiveCfg = Release|Any CPU
		{33994D24-AD2A-4BBF-954F-2328612AE164}.Release|x86.Build.0 = Release|Any CPU
		{D1424B71-D6A6-47F7-A656-A53B93749825}.Debug|Any CPU.ActiveCfg = Debug|x86
		{D1424B71-D6A6-47F7-A656-A53B93749825}.Debug|ARM.ActiveCfg = Debug|x86
		{D1424B71-D6A6-47F7-A656-A53B93749825}.Debug|ARM64.ActiveCfg = Debug|x86
		{D1424B71-D6A6-47F7-A656-A53B93749825}.Debug|x64.ActiveCfg = Debug|x64
		{D1424B71-D6A6-47F7-A656-A53B93749825}.Debug|x64.Build.0 = Debug|x64
		{D1424B71-D6A6-47F7-A656-A53B93749825}.Debug|x86.ActiveCfg = Debug|x86
		{D1424B71-D6A6-47F7-A656-A53B93749825}.Debug|x86.Build.0 = Debug|x86
		{D1424B71-D6A6-47F7-A656-A53B93749825}.Release|Any CPU.ActiveCfg = Release|x86
		{D1424B71-D6A6-47F7-A656-A53B93749825}.Release|ARM.ActiveCfg = Release|x86
		{D1424B71-D6A6-47F7-A656-A53B93749825}.Release|ARM64.ActiveCfg = Release|x86
		{D1424B71-D6A6-47F7-A656-A53B93749825}.Release|x64.ActiveCfg = Release|x64
		{D1424B71-D6A6-47F7-A656-A53B93749825}.Release|x64.Build.0 = Release|x64
		{D1424B71-D6A6-47F7-A656-A53B93749825}.Release|x86.ActiveCfg = Release|x86
		{D1424B71-D6A6-47F7-A656-A53B93749825}.Release|x86.Build.0 = Release|x86
		{BE9E7BE2-F3F9-4435-B998-3A79DA02498E}.Debug|Any CPU.ActiveCfg = Debug|Any CPU
		{BE9E7BE2-F3F9-4435-B998-3A79DA02498E}.Debug|Any CPU.Build.0 = Debug|Any CPU
		{BE9E7BE2-F3F9-4435-B998-3A79DA02498E}.Debug|ARM.ActiveCfg = Debug|Any CPU
		{BE9E7BE2-F3F9-4435-B998-3A79DA02498E}.Debug|ARM.Build.0 = Debug|Any CPU
		{BE9E7BE2-F3F9-4435-B998-3A79DA02498E}.Debug|ARM64.ActiveCfg = Debug|Any CPU
		{BE9E7BE2-F3F9-4435-B998-3A79DA02498E}.Debug|ARM64.Build.0 = Debug|Any CPU
		{BE9E7BE2-F3F9-4435-B998-3A79DA02498E}.Debug|x64.ActiveCfg = Debug|Any CPU
		{BE9E7BE2-F3F9-4435-B998-3A79DA02498E}.Debug|x64.Build.0 = Debug|Any CPU
		{BE9E7BE2-F3F9-4435-B998-3A79DA02498E}.Debug|x86.ActiveCfg = Debug|Any CPU
		{BE9E7BE2-F3F9-4435-B998-3A79DA02498E}.Debug|x86.Build.0 = Debug|Any CPU
		{BE9E7BE2-F3F9-4435-B998-3A79DA02498E}.Release|Any CPU.ActiveCfg = Release|Any CPU
		{BE9E7BE2-F3F9-4435-B998-3A79DA02498E}.Release|Any CPU.Build.0 = Release|Any CPU
		{BE9E7BE2-F3F9-4435-B998-3A79DA02498E}.Release|ARM.ActiveCfg = Release|Any CPU
		{BE9E7BE2-F3F9-4435-B998-3A79DA02498E}.Release|ARM.Build.0 = Release|Any CPU
		{BE9E7BE2-F3F9-4435-B998-3A79DA02498E}.Release|ARM64.ActiveCfg = Release|Any CPU
		{BE9E7BE2-F3F9-4435-B998-3A79DA02498E}.Release|ARM64.Build.0 = Release|Any CPU
		{BE9E7BE2-F3F9-4435-B998-3A79DA02498E}.Release|x64.ActiveCfg = Release|Any CPU
		{BE9E7BE2-F3F9-4435-B998-3A79DA02498E}.Release|x64.Build.0 = Release|Any CPU
		{BE9E7BE2-F3F9-4435-B998-3A79DA02498E}.Release|x86.ActiveCfg = Release|Any CPU
		{BE9E7BE2-F3F9-4435-B998-3A79DA02498E}.Release|x86.Build.0 = Release|Any CPU
		{B0351993-F64B-49A8-8D5A-A0C8FAE49D46}.Debug|Any CPU.ActiveCfg = Debug|Any CPU
		{B0351993-F64B-49A8-8D5A-A0C8FAE49D46}.Debug|Any CPU.Build.0 = Debug|Any CPU
		{B0351993-F64B-49A8-8D5A-A0C8FAE49D46}.Debug|ARM.ActiveCfg = Debug|Any CPU
		{B0351993-F64B-49A8-8D5A-A0C8FAE49D46}.Debug|ARM.Build.0 = Debug|Any CPU
		{B0351993-F64B-49A8-8D5A-A0C8FAE49D46}.Debug|ARM64.ActiveCfg = Debug|Any CPU
		{B0351993-F64B-49A8-8D5A-A0C8FAE49D46}.Debug|ARM64.Build.0 = Debug|Any CPU
		{B0351993-F64B-49A8-8D5A-A0C8FAE49D46}.Debug|x64.ActiveCfg = Debug|Any CPU
		{B0351993-F64B-49A8-8D5A-A0C8FAE49D46}.Debug|x64.Build.0 = Debug|Any CPU
		{B0351993-F64B-49A8-8D5A-A0C8FAE49D46}.Debug|x86.ActiveCfg = Debug|Any CPU
		{B0351993-F64B-49A8-8D5A-A0C8FAE49D46}.Debug|x86.Build.0 = Debug|Any CPU
		{B0351993-F64B-49A8-8D5A-A0C8FAE49D46}.Release|Any CPU.ActiveCfg = Release|Any CPU
		{B0351993-F64B-49A8-8D5A-A0C8FAE49D46}.Release|Any CPU.Build.0 = Release|Any CPU
		{B0351993-F64B-49A8-8D5A-A0C8FAE49D46}.Release|ARM.ActiveCfg = Release|Any CPU
		{B0351993-F64B-49A8-8D5A-A0C8FAE49D46}.Release|ARM.Build.0 = Release|Any CPU
		{B0351993-F64B-49A8-8D5A-A0C8FAE49D46}.Release|ARM64.ActiveCfg = Release|Any CPU
		{B0351993-F64B-49A8-8D5A-A0C8FAE49D46}.Release|ARM64.Build.0 = Release|Any CPU
		{B0351993-F64B-49A8-8D5A-A0C8FAE49D46}.Release|x64.ActiveCfg = Release|Any CPU
		{B0351993-F64B-49A8-8D5A-A0C8FAE49D46}.Release|x64.Build.0 = Release|Any CPU
		{B0351993-F64B-49A8-8D5A-A0C8FAE49D46}.Release|x86.ActiveCfg = Release|Any CPU
		{B0351993-F64B-49A8-8D5A-A0C8FAE49D46}.Release|x86.Build.0 = Release|Any CPU
		{34681355-B736-43E9-BD9F-1311EBF526C8}.Debug|Any CPU.ActiveCfg = Debug|Any CPU
		{34681355-B736-43E9-BD9F-1311EBF526C8}.Debug|Any CPU.Build.0 = Debug|Any CPU
		{34681355-B736-43E9-BD9F-1311EBF526C8}.Debug|ARM.ActiveCfg = Debug|Any CPU
		{34681355-B736-43E9-BD9F-1311EBF526C8}.Debug|ARM.Build.0 = Debug|Any CPU
		{34681355-B736-43E9-BD9F-1311EBF526C8}.Debug|ARM64.ActiveCfg = Debug|Any CPU
		{34681355-B736-43E9-BD9F-1311EBF526C8}.Debug|ARM64.Build.0 = Debug|Any CPU
		{34681355-B736-43E9-BD9F-1311EBF526C8}.Debug|x64.ActiveCfg = Debug|Any CPU
		{34681355-B736-43E9-BD9F-1311EBF526C8}.Debug|x64.Build.0 = Debug|Any CPU
		{34681355-B736-43E9-BD9F-1311EBF526C8}.Debug|x86.ActiveCfg = Debug|Any CPU
		{34681355-B736-43E9-BD9F-1311EBF526C8}.Debug|x86.Build.0 = Debug|Any CPU
		{34681355-B736-43E9-BD9F-1311EBF526C8}.Release|Any CPU.ActiveCfg = Release|Any CPU
		{34681355-B736-43E9-BD9F-1311EBF526C8}.Release|Any CPU.Build.0 = Release|Any CPU
		{34681355-B736-43E9-BD9F-1311EBF526C8}.Release|ARM.ActiveCfg = Release|Any CPU
		{34681355-B736-43E9-BD9F-1311EBF526C8}.Release|ARM.Build.0 = Release|Any CPU
		{34681355-B736-43E9-BD9F-1311EBF526C8}.Release|ARM64.ActiveCfg = Release|Any CPU
		{34681355-B736-43E9-BD9F-1311EBF526C8}.Release|ARM64.Build.0 = Release|Any CPU
		{34681355-B736-43E9-BD9F-1311EBF526C8}.Release|x64.ActiveCfg = Release|Any CPU
		{34681355-B736-43E9-BD9F-1311EBF526C8}.Release|x64.Build.0 = Release|Any CPU
		{34681355-B736-43E9-BD9F-1311EBF526C8}.Release|x86.ActiveCfg = Release|Any CPU
		{34681355-B736-43E9-BD9F-1311EBF526C8}.Release|x86.Build.0 = Release|Any CPU
		{585E43E7-5D04-4C44-99D3-7EACFC8CD04C}.Debug|Any CPU.ActiveCfg = Debug|Any CPU
		{585E43E7-5D04-4C44-99D3-7EACFC8CD04C}.Debug|Any CPU.Build.0 = Debug|Any CPU
		{585E43E7-5D04-4C44-99D3-7EACFC8CD04C}.Debug|ARM.ActiveCfg = Debug|Any CPU
		{585E43E7-5D04-4C44-99D3-7EACFC8CD04C}.Debug|ARM.Build.0 = Debug|Any CPU
		{585E43E7-5D04-4C44-99D3-7EACFC8CD04C}.Debug|ARM64.ActiveCfg = Debug|Any CPU
		{585E43E7-5D04-4C44-99D3-7EACFC8CD04C}.Debug|ARM64.Build.0 = Debug|Any CPU
		{585E43E7-5D04-4C44-99D3-7EACFC8CD04C}.Debug|x64.ActiveCfg = Debug|Any CPU
		{585E43E7-5D04-4C44-99D3-7EACFC8CD04C}.Debug|x64.Build.0 = Debug|Any CPU
		{585E43E7-5D04-4C44-99D3-7EACFC8CD04C}.Debug|x86.ActiveCfg = Debug|Any CPU
		{585E43E7-5D04-4C44-99D3-7EACFC8CD04C}.Debug|x86.Build.0 = Debug|Any CPU
		{585E43E7-5D04-4C44-99D3-7EACFC8CD04C}.Release|Any CPU.ActiveCfg = Release|Any CPU
		{585E43E7-5D04-4C44-99D3-7EACFC8CD04C}.Release|Any CPU.Build.0 = Release|Any CPU
		{585E43E7-5D04-4C44-99D3-7EACFC8CD04C}.Release|ARM.ActiveCfg = Release|Any CPU
		{585E43E7-5D04-4C44-99D3-7EACFC8CD04C}.Release|ARM.Build.0 = Release|Any CPU
		{585E43E7-5D04-4C44-99D3-7EACFC8CD04C}.Release|ARM64.ActiveCfg = Release|Any CPU
		{585E43E7-5D04-4C44-99D3-7EACFC8CD04C}.Release|ARM64.Build.0 = Release|Any CPU
		{585E43E7-5D04-4C44-99D3-7EACFC8CD04C}.Release|x64.ActiveCfg = Release|Any CPU
		{585E43E7-5D04-4C44-99D3-7EACFC8CD04C}.Release|x64.Build.0 = Release|Any CPU
		{585E43E7-5D04-4C44-99D3-7EACFC8CD04C}.Release|x86.ActiveCfg = Release|Any CPU
		{585E43E7-5D04-4C44-99D3-7EACFC8CD04C}.Release|x86.Build.0 = Release|Any CPU
		{DCDD82AF-F705-4B6B-9278-98482B8EEA98}.Debug|Any CPU.ActiveCfg = Debug|Any CPU
		{DCDD82AF-F705-4B6B-9278-98482B8EEA98}.Debug|Any CPU.Build.0 = Debug|Any CPU
		{DCDD82AF-F705-4B6B-9278-98482B8EEA98}.Debug|ARM.ActiveCfg = Debug|Any CPU
		{DCDD82AF-F705-4B6B-9278-98482B8EEA98}.Debug|ARM.Build.0 = Debug|Any CPU
		{DCDD82AF-F705-4B6B-9278-98482B8EEA98}.Debug|ARM64.ActiveCfg = Debug|Any CPU
		{DCDD82AF-F705-4B6B-9278-98482B8EEA98}.Debug|ARM64.Build.0 = Debug|Any CPU
		{DCDD82AF-F705-4B6B-9278-98482B8EEA98}.Debug|x64.ActiveCfg = Debug|Any CPU
		{DCDD82AF-F705-4B6B-9278-98482B8EEA98}.Debug|x64.Build.0 = Debug|Any CPU
		{DCDD82AF-F705-4B6B-9278-98482B8EEA98}.Debug|x86.ActiveCfg = Debug|Any CPU
		{DCDD82AF-F705-4B6B-9278-98482B8EEA98}.Debug|x86.Build.0 = Debug|Any CPU
		{DCDD82AF-F705-4B6B-9278-98482B8EEA98}.Release|Any CPU.ActiveCfg = Release|Any CPU
		{DCDD82AF-F705-4B6B-9278-98482B8EEA98}.Release|Any CPU.Build.0 = Release|Any CPU
		{DCDD82AF-F705-4B6B-9278-98482B8EEA98}.Release|ARM.ActiveCfg = Release|Any CPU
		{DCDD82AF-F705-4B6B-9278-98482B8EEA98}.Release|ARM.Build.0 = Release|Any CPU
		{DCDD82AF-F705-4B6B-9278-98482B8EEA98}.Release|ARM64.ActiveCfg = Release|Any CPU
		{DCDD82AF-F705-4B6B-9278-98482B8EEA98}.Release|ARM64.Build.0 = Release|Any CPU
		{DCDD82AF-F705-4B6B-9278-98482B8EEA98}.Release|x64.ActiveCfg = Release|Any CPU
		{DCDD82AF-F705-4B6B-9278-98482B8EEA98}.Release|x64.Build.0 = Release|Any CPU
		{DCDD82AF-F705-4B6B-9278-98482B8EEA98}.Release|x86.ActiveCfg = Release|Any CPU
		{DCDD82AF-F705-4B6B-9278-98482B8EEA98}.Release|x86.Build.0 = Release|Any CPU
		{0E249A4E-BC64-4511-A1B5-722106F8EEE7}.Debug|Any CPU.ActiveCfg = Debug|Any CPU
		{0E249A4E-BC64-4511-A1B5-722106F8EEE7}.Debug|Any CPU.Build.0 = Debug|Any CPU
		{0E249A4E-BC64-4511-A1B5-722106F8EEE7}.Debug|ARM.ActiveCfg = Debug|Any CPU
		{0E249A4E-BC64-4511-A1B5-722106F8EEE7}.Debug|ARM.Build.0 = Debug|Any CPU
		{0E249A4E-BC64-4511-A1B5-722106F8EEE7}.Debug|ARM64.ActiveCfg = Debug|Any CPU
		{0E249A4E-BC64-4511-A1B5-722106F8EEE7}.Debug|ARM64.Build.0 = Debug|Any CPU
		{0E249A4E-BC64-4511-A1B5-722106F8EEE7}.Debug|x64.ActiveCfg = Debug|Any CPU
		{0E249A4E-BC64-4511-A1B5-722106F8EEE7}.Debug|x64.Build.0 = Debug|Any CPU
		{0E249A4E-BC64-4511-A1B5-722106F8EEE7}.Debug|x86.ActiveCfg = Debug|Any CPU
		{0E249A4E-BC64-4511-A1B5-722106F8EEE7}.Debug|x86.Build.0 = Debug|Any CPU
		{0E249A4E-BC64-4511-A1B5-722106F8EEE7}.Release|Any CPU.ActiveCfg = Release|Any CPU
		{0E249A4E-BC64-4511-A1B5-722106F8EEE7}.Release|Any CPU.Build.0 = Release|Any CPU
		{0E249A4E-BC64-4511-A1B5-722106F8EEE7}.Release|ARM.ActiveCfg = Release|Any CPU
		{0E249A4E-BC64-4511-A1B5-722106F8EEE7}.Release|ARM.Build.0 = Release|Any CPU
		{0E249A4E-BC64-4511-A1B5-722106F8EEE7}.Release|ARM64.ActiveCfg = Release|Any CPU
		{0E249A4E-BC64-4511-A1B5-722106F8EEE7}.Release|ARM64.Build.0 = Release|Any CPU
		{0E249A4E-BC64-4511-A1B5-722106F8EEE7}.Release|x64.ActiveCfg = Release|Any CPU
		{0E249A4E-BC64-4511-A1B5-722106F8EEE7}.Release|x64.Build.0 = Release|Any CPU
		{0E249A4E-BC64-4511-A1B5-722106F8EEE7}.Release|x86.ActiveCfg = Release|Any CPU
		{0E249A4E-BC64-4511-A1B5-722106F8EEE7}.Release|x86.Build.0 = Release|Any CPU
	EndGlobalSection
	GlobalSection(SolutionProperties) = preSolution
		HideSolutionNode = FALSE
	EndGlobalSection
	GlobalSection(ExtensibilityGlobals) = postSolution
		SolutionGuid = {482EBA74-E925-4D28-82A0-5CC690B1886D}
	EndGlobalSection
EndGlobal
